// !$*UTF8*$!
{
	archiveVersion = 1;
	classes = {
	};
	objectVersion = 46;
	objects = {

/* Begin PBXBuildFile section */
		1733BF4BA79C743D0781E788 /* Pods_FlicksFinalUITests.framework in Frameworks */ = {isa = PBXBuildFile; fileRef = 623D4238F2D284A765425BC0 /* Pods_FlicksFinalUITests.framework */; };
		4653AA0C1E50F78D00790B60 /* Movie.swift in Sources */ = {isa = PBXBuildFile; fileRef = 4653AA0B1E50F78D00790B60 /* Movie.swift */; };
		46A4DBF31E495CA900A4B56E /* AppDelegate.swift in Sources */ = {isa = PBXBuildFile; fileRef = 46A4DBF21E495CA900A4B56E /* AppDelegate.swift */; };
		46A4DBF51E495CA900A4B56E /* ViewController.swift in Sources */ = {isa = PBXBuildFile; fileRef = 46A4DBF41E495CA900A4B56E /* ViewController.swift */; };
		46A4DBF81E495CA900A4B56E /* Main.storyboard in Resources */ = {isa = PBXBuildFile; fileRef = 46A4DBF61E495CA900A4B56E /* Main.storyboard */; };
		46A4DBFA1E495CA900A4B56E /* Assets.xcassets in Resources */ = {isa = PBXBuildFile; fileRef = 46A4DBF91E495CA900A4B56E /* Assets.xcassets */; };
		46A4DBFD1E495CA900A4B56E /* LaunchScreen.storyboard in Resources */ = {isa = PBXBuildFile; fileRef = 46A4DBFB1E495CA900A4B56E /* LaunchScreen.storyboard */; };
		46A4DC081E495CA900A4B56E /* FlicksFinalTests.swift in Sources */ = {isa = PBXBuildFile; fileRef = 46A4DC071E495CA900A4B56E /* FlicksFinalTests.swift */; };
		46A4DC131E495CA900A4B56E /* FlicksFinalUITests.swift in Sources */ = {isa = PBXBuildFile; fileRef = 46A4DC121E495CA900A4B56E /* FlicksFinalUITests.swift */; };
		46A4DC211E496B3900A4B56E /* MovieCell.swift in Sources */ = {isa = PBXBuildFile; fileRef = 46A4DC201E496B3900A4B56E /* MovieCell.swift */; };
		46A4DC231E4973EA00A4B56E /* MovieViewController.swift in Sources */ = {isa = PBXBuildFile; fileRef = 46A4DC221E4973EA00A4B56E /* MovieViewController.swift */; };
		543B8C8BF8B9EA7714B786E5 /* Pods_FlicksFinalTests.framework in Frameworks */ = {isa = PBXBuildFile; fileRef = A6AF92B9231C64DC987F64D4 /* Pods_FlicksFinalTests.framework */; };
		590B68AB77E107B530999E3C /* Pods_FlicksFinal.framework in Frameworks */ = {isa = PBXBuildFile; fileRef = FC0639FE1620939D0B7DF7B6 /* Pods_FlicksFinal.framework */; };
/* End PBXBuildFile section */

/* Begin PBXContainerItemProxy section */
		46A4DC041E495CA900A4B56E /* PBXContainerItemProxy */ = {
			isa = PBXContainerItemProxy;
			containerPortal = 46A4DBE71E495CA900A4B56E /* Project object */;
			proxyType = 1;
			remoteGlobalIDString = 46A4DBEE1E495CA900A4B56E;
			remoteInfo = FlicksFinal;
		};
		46A4DC0F1E495CA900A4B56E /* PBXContainerItemProxy */ = {
			isa = PBXContainerItemProxy;
			containerPortal = 46A4DBE71E495CA900A4B56E /* Project object */;
			proxyType = 1;
			remoteGlobalIDString = 46A4DBEE1E495CA900A4B56E;
			remoteInfo = FlicksFinal;
		};
/* End PBXContainerItemProxy section */

/* Begin PBXFileReference section */
		4653AA0B1E50F78D00790B60 /* Movie.swift */ = {isa = PBXFileReference; fileEncoding = 4; lastKnownFileType = sourcecode.swift; path = Movie.swift; sourceTree = "<group>"; };
		46A4DBEF1E495CA900A4B56E /* FlicksFinal.app */ = {isa = PBXFileReference; explicitFileType = wrapper.application; includeInIndex = 0; path = FlicksFinal.app; sourceTree = BUILT_PRODUCTS_DIR; };
		46A4DBF21E495CA900A4B56E /* AppDelegate.swift */ = {isa = PBXFileReference; lastKnownFileType = sourcecode.swift; path = AppDelegate.swift; sourceTree = "<group>"; };
		46A4DBF41E495CA900A4B56E /* ViewController.swift */ = {isa = PBXFileReference; lastKnownFileType = sourcecode.swift; path = ViewController.swift; sourceTree = "<group>"; };
		46A4DBF71E495CA900A4B56E /* Base */ = {isa = PBXFileReference; lastKnownFileType = file.storyboard; name = Base; path = Base.lproj/Main.storyboard; sourceTree = "<group>"; };
		46A4DBF91E495CA900A4B56E /* Assets.xcassets */ = {isa = PBXFileReference; lastKnownFileType = folder.assetcatalog; path = Assets.xcassets; sourceTree = "<group>"; };
		46A4DBFC1E495CA900A4B56E /* Base */ = {isa = PBXFileReference; lastKnownFileType = file.storyboard; name = Base; path = Base.lproj/LaunchScreen.storyboard; sourceTree = "<group>"; };
		46A4DBFE1E495CA900A4B56E /* Info.plist */ = {isa = PBXFileReference; lastKnownFileType = text.plist.xml; path = Info.plist; sourceTree = "<group>"; };
		46A4DC031E495CA900A4B56E /* FlicksFinalTests.xctest */ = {isa = PBXFileReference; explicitFileType = wrapper.cfbundle; includeInIndex = 0; path = FlicksFinalTests.xctest; sourceTree = BUILT_PRODUCTS_DIR; };
		46A4DC071E495CA900A4B56E /* FlicksFinalTests.swift */ = {isa = PBXFileReference; lastKnownFileType = sourcecode.swift; path = FlicksFinalTests.swift; sourceTree = "<group>"; };
		46A4DC091E495CA900A4B56E /* Info.plist */ = {isa = PBXFileReference; lastKnownFileType = text.plist.xml; path = Info.plist; sourceTree = "<group>"; };
		46A4DC0E1E495CA900A4B56E /* FlicksFinalUITests.xctest */ = {isa = PBXFileReference; explicitFileType = wrapper.cfbundle; includeInIndex = 0; path = FlicksFinalUITests.xctest; sourceTree = BUILT_PRODUCTS_DIR; };
		46A4DC121E495CA900A4B56E /* FlicksFinalUITests.swift */ = {isa = PBXFileReference; lastKnownFileType = sourcecode.swift; path = FlicksFinalUITests.swift; sourceTree = "<group>"; };
		46A4DC141E495CA900A4B56E /* Info.plist */ = {isa = PBXFileReference; lastKnownFileType = text.plist.xml; path = Info.plist; sourceTree = "<group>"; };
		46A4DC201E496B3900A4B56E /* MovieCell.swift */ = {isa = PBXFileReference; fileEncoding = 4; lastKnownFileType = sourcecode.swift; path = MovieCell.swift; sourceTree = "<group>"; };
		46A4DC221E4973EA00A4B56E /* MovieViewController.swift */ = {isa = PBXFileReference; fileEncoding = 4; lastKnownFileType = sourcecode.swift; path = MovieViewController.swift; sourceTree = "<group>"; };
		5C764EB2188F14CA2E4D3BF4 /* Pods-FlicksFinal.release.xcconfig */ = {isa = PBXFileReference; includeInIndex = 1; lastKnownFileType = text.xcconfig; name = "Pods-FlicksFinal.release.xcconfig"; path = "Pods/Target Support Files/Pods-FlicksFinal/Pods-FlicksFinal.release.xcconfig"; sourceTree = "<group>"; };
		623D4238F2D284A765425BC0 /* Pods_FlicksFinalUITests.framework */ = {isa = PBXFileReference; explicitFileType = wrapper.framework; includeInIndex = 0; path = Pods_FlicksFinalUITests.framework; sourceTree = BUILT_PRODUCTS_DIR; };
		71C9BE595D938B22CB77B241 /* Pods-FlicksFinalUITests.release.xcconfig */ = {isa = PBXFileReference; includeInIndex = 1; lastKnownFileType = text.xcconfig; name = "Pods-FlicksFinalUITests.release.xcconfig"; path = "Pods/Target Support Files/Pods-FlicksFinalUITests/Pods-FlicksFinalUITests.release.xcconfig"; sourceTree = "<group>"; };
		A6AF92B9231C64DC987F64D4 /* Pods_FlicksFinalTests.framework */ = {isa = PBXFileReference; explicitFileType = wrapper.framework; includeInIndex = 0; path = Pods_FlicksFinalTests.framework; sourceTree = BUILT_PRODUCTS_DIR; };
		C97239089B22EC74FCDC8281 /* Pods-FlicksFinalTests.release.xcconfig */ = {isa = PBXFileReference; includeInIndex = 1; lastKnownFileType = text.xcconfig; name = "Pods-FlicksFinalTests.release.xcconfig"; path = "Pods/Target Support Files/Pods-FlicksFinalTests/Pods-FlicksFinalTests.release.xcconfig"; sourceTree = "<group>"; };
		D574ACBBBE73CA02F11B3FD2 /* Pods-FlicksFinalTests.debug.xcconfig */ = {isa = PBXFileReference; includeInIndex = 1; lastKnownFileType = text.xcconfig; name = "Pods-FlicksFinalTests.debug.xcconfig"; path = "Pods/Target Support Files/Pods-FlicksFinalTests/Pods-FlicksFinalTests.debug.xcconfig"; sourceTree = "<group>"; };
		E172E9DCAE7529142513A961 /* Pods-FlicksFinalUITests.debug.xcconfig */ = {isa = PBXFileReference; includeInIndex = 1; lastKnownFileType = text.xcconfig; name = "Pods-FlicksFinalUITests.debug.xcconfig"; path = "Pods/Target Support Files/Pods-FlicksFinalUITests/Pods-FlicksFinalUITests.debug.xcconfig"; sourceTree = "<group>"; };
		ECAB5356E9D75D1E202FEF39 /* Pods-FlicksFinal.debug.xcconfig */ = {isa = PBXFileReference; includeInIndex = 1; lastKnownFileType = text.xcconfig; name = "Pods-FlicksFinal.debug.xcconfig"; path = "Pods/Target Support Files/Pods-FlicksFinal/Pods-FlicksFinal.debug.xcconfig"; sourceTree = "<group>"; };
		FC0639FE1620939D0B7DF7B6 /* Pods_FlicksFinal.framework */ = {isa = PBXFileReference; explicitFileType = wrapper.framework; includeInIndex = 0; path = Pods_FlicksFinal.framework; sourceTree = BUILT_PRODUCTS_DIR; };
/* End PBXFileReference section */

/* Begin PBXFrameworksBuildPhase section */
		46A4DBEC1E495CA900A4B56E /* Frameworks */ = {
			isa = PBXFrameworksBuildPhase;
			buildActionMask = 2147483647;
			files = (
				590B68AB77E107B530999E3C /* Pods_FlicksFinal.framework in Frameworks */,
			);
			runOnlyForDeploymentPostprocessing = 0;
		};
		46A4DC001E495CA900A4B56E /* Frameworks */ = {
			isa = PBXFrameworksBuildPhase;
			buildActionMask = 2147483647;
			files = (
				543B8C8BF8B9EA7714B786E5 /* Pods_FlicksFinalTests.framework in Frameworks */,
			);
			runOnlyForDeploymentPostprocessing = 0;
		};
		46A4DC0B1E495CA900A4B56E /* Frameworks */ = {
			isa = PBXFrameworksBuildPhase;
			buildActionMask = 2147483647;
			files = (
				1733BF4BA79C743D0781E788 /* Pods_FlicksFinalUITests.framework in Frameworks */,
			);
			runOnlyForDeploymentPostprocessing = 0;
		};
/* End PBXFrameworksBuildPhase section */

/* Begin PBXGroup section */
		12BB2E7AE8E0DFC6C076241F /* Pods */ = {
			isa = PBXGroup;
			children = (
				ECAB5356E9D75D1E202FEF39 /* Pods-FlicksFinal.debug.xcconfig */,
				5C764EB2188F14CA2E4D3BF4 /* Pods-FlicksFinal.release.xcconfig */,
				D574ACBBBE73CA02F11B3FD2 /* Pods-FlicksFinalTests.debug.xcconfig */,
				C97239089B22EC74FCDC8281 /* Pods-FlicksFinalTests.release.xcconfig */,
				E172E9DCAE7529142513A961 /* Pods-FlicksFinalUITests.debug.xcconfig */,
				71C9BE595D938B22CB77B241 /* Pods-FlicksFinalUITests.release.xcconfig */,
			);
			name = Pods;
			sourceTree = "<group>";
		};
		1569249BD42DA323C703C0B8 /* Frameworks */ = {
			isa = PBXGroup;
			children = (
				FC0639FE1620939D0B7DF7B6 /* Pods_FlicksFinal.framework */,
				A6AF92B9231C64DC987F64D4 /* Pods_FlicksFinalTests.framework */,
				623D4238F2D284A765425BC0 /* Pods_FlicksFinalUITests.framework */,
			);
			name = Frameworks;
			sourceTree = "<group>";
		};
		4653AA091E50F6CF00790B60 /* ViewControllers */ = {
			isa = PBXGroup;
			children = (
				46A4DBF41E495CA900A4B56E /* ViewController.swift */,
				46A4DC221E4973EA00A4B56E /* MovieViewController.swift */,
			);
			name = ViewControllers;
			sourceTree = "<group>";
		};
		4653AA0A1E50F72E00790B60 /* Views */ = {
			isa = PBXGroup;
			children = (
				46A4DC201E496B3900A4B56E /* MovieCell.swift */,
			);
			name = Views;
			sourceTree = "<group>";
		};
		46A4DBE61E495CA900A4B56E = {
			isa = PBXGroup;
			children = (
				46A4DBF11E495CA900A4B56E /* FlicksFinal */,
				46A4DC061E495CA900A4B56E /* FlicksFinalTests */,
				46A4DC111E495CA900A4B56E /* FlicksFinalUITests */,
				46A4DBF01E495CA900A4B56E /* Products */,
				12BB2E7AE8E0DFC6C076241F /* Pods */,
				1569249BD42DA323C703C0B8 /* Frameworks */,
			);
			sourceTree = "<group>";
		};
		46A4DBF01E495CA900A4B56E /* Products */ = {
			isa = PBXGroup;
			children = (
				46A4DBEF1E495CA900A4B56E /* FlicksFinal.app */,
				46A4DC031E495CA900A4B56E /* FlicksFinalTests.xctest */,
				46A4DC0E1E495CA900A4B56E /* FlicksFinalUITests.xctest */,
			);
			name = Products;
			sourceTree = "<group>";
		};
		46A4DBF11E495CA900A4B56E /* FlicksFinal */ = {
			isa = PBXGroup;
			children = (
				4653AA091E50F6CF00790B60 /* ViewControllers */,
				4653AA0A1E50F72E00790B60 /* Views */,
				46A4DBF21E495CA900A4B56E /* AppDelegate.swift */,
				46A4DBF61E495CA900A4B56E /* Main.storyboard */,
				46A4DBF91E495CA900A4B56E /* Assets.xcassets */,
				46A4DBFB1E495CA900A4B56E /* LaunchScreen.storyboard */,
				46A4DBFE1E495CA900A4B56E /* Info.plist */,
				4653AA0B1E50F78D00790B60 /* Movie.swift */,
			);
			path = FlicksFinal;
			sourceTree = "<group>";
		};
		46A4DC061E495CA900A4B56E /* FlicksFinalTests */ = {
			isa = PBXGroup;
			children = (
				46A4DC071E495CA900A4B56E /* FlicksFinalTests.swift */,
				46A4DC091E495CA900A4B56E /* Info.plist */,
			);
			path = FlicksFinalTests;
			sourceTree = "<group>";
		};
		46A4DC111E495CA900A4B56E /* FlicksFinalUITests */ = {
			isa = PBXGroup;
			children = (
				46A4DC121E495CA900A4B56E /* FlicksFinalUITests.swift */,
				46A4DC141E495CA900A4B56E /* Info.plist */,
			);
			path = FlicksFinalUITests;
			sourceTree = "<group>";
		};
/* End PBXGroup section */

/* Begin PBXNativeTarget section */
		46A4DBEE1E495CA900A4B56E /* FlicksFinal */ = {
			isa = PBXNativeTarget;
			buildConfigurationList = 46A4DC171E495CA900A4B56E /* Build configuration list for PBXNativeTarget "FlicksFinal" */;
			buildPhases = (
				E80B79244DF94A558F750A90 /* [CP] Check Pods Manifest.lock */,
				46A4DBEB1E495CA900A4B56E /* Sources */,
				46A4DBEC1E495CA900A4B56E /* Frameworks */,
				46A4DBED1E495CA900A4B56E /* Resources */,
				260D96CA5A873DDC25AD4DB7 /* [CP] Embed Pods Frameworks */,
				FB9EF761BD94001F3AB2DDE3 /* [CP] Copy Pods Resources */,
			);
			buildRules = (
			);
			dependencies = (
			);
			name = FlicksFinal;
			productName = FlicksFinal;
			productReference = 46A4DBEF1E495CA900A4B56E /* FlicksFinal.app */;
			productType = "com.apple.product-type.application";
		};
		46A4DC021E495CA900A4B56E /* FlicksFinalTests */ = {
			isa = PBXNativeTarget;
			buildConfigurationList = 46A4DC1A1E495CA900A4B56E /* Build configuration list for PBXNativeTarget "FlicksFinalTests" */;
			buildPhases = (
				AF6D3C7DC4B090061A5068D7 /* [CP] Check Pods Manifest.lock */,
				46A4DBFF1E495CA900A4B56E /* Sources */,
				46A4DC001E495CA900A4B56E /* Frameworks */,
				46A4DC011E495CA900A4B56E /* Resources */,
				C27E943D3354931CC5E93558 /* [CP] Embed Pods Frameworks */,
				25822042E0CF124D0682A329 /* [CP] Copy Pods Resources */,
			);
			buildRules = (
			);
			dependencies = (
				46A4DC051E495CA900A4B56E /* PBXTargetDependency */,
			);
			name = FlicksFinalTests;
			productName = FlicksFinalTests;
			productReference = 46A4DC031E495CA900A4B56E /* FlicksFinalTests.xctest */;
			productType = "com.apple.product-type.bundle.unit-test";
		};
		46A4DC0D1E495CA900A4B56E /* FlicksFinalUITests */ = {
			isa = PBXNativeTarget;
			buildConfigurationList = 46A4DC1D1E495CA900A4B56E /* Build configuration list for PBXNativeTarget "FlicksFinalUITests" */;
			buildPhases = (
				5C574F71CB624457A2EEA1F5 /* [CP] Check Pods Manifest.lock */,
				46A4DC0A1E495CA900A4B56E /* Sources */,
				46A4DC0B1E495CA900A4B56E /* Frameworks */,
				46A4DC0C1E495CA900A4B56E /* Resources */,
				59919E2F04F49E84A100E01C /* [CP] Embed Pods Frameworks */,
				9284859FBCC07DAAC95962C0 /* [CP] Copy Pods Resources */,
			);
			buildRules = (
			);
			dependencies = (
				46A4DC101E495CA900A4B56E /* PBXTargetDependency */,
			);
			name = FlicksFinalUITests;
			productName = FlicksFinalUITests;
			productReference = 46A4DC0E1E495CA900A4B56E /* FlicksFinalUITests.xctest */;
			productType = "com.apple.product-type.bundle.ui-testing";
		};
/* End PBXNativeTarget section */

/* Begin PBXProject section */
		46A4DBE71E495CA900A4B56E /* Project object */ = {
			isa = PBXProject;
			attributes = {
				LastSwiftUpdateCheck = 0820;
				LastUpgradeCheck = 0820;
				ORGANIZATIONNAME = "Youssef Elabd";
				TargetAttributes = {
					46A4DBEE1E495CA900A4B56E = {
						CreatedOnToolsVersion = 8.2.1;
						ProvisioningStyle = Automatic;
					};
					46A4DC021E495CA900A4B56E = {
						CreatedOnToolsVersion = 8.2.1;
						ProvisioningStyle = Automatic;
						TestTargetID = 46A4DBEE1E495CA900A4B56E;
					};
					46A4DC0D1E495CA900A4B56E = {
						CreatedOnToolsVersion = 8.2.1;
						ProvisioningStyle = Automatic;
						TestTargetID = 46A4DBEE1E495CA900A4B56E;
					};
				};
			};
			buildConfigurationList = 46A4DBEA1E495CA900A4B56E /* Build configuration list for PBXProject "FlicksFinal" */;
			compatibilityVersion = "Xcode 3.2";
			developmentRegion = English;
			hasScannedForEncodings = 0;
			knownRegions = (
				en,
				Base,
			);
			mainGroup = 46A4DBE61E495CA900A4B56E;
			productRefGroup = 46A4DBF01E495CA900A4B56E /* Products */;
			projectDirPath = "";
			projectRoot = "";
			targets = (
				46A4DBEE1E495CA900A4B56E /* FlicksFinal */,
				46A4DC021E495CA900A4B56E /* FlicksFinalTests */,
				46A4DC0D1E495CA900A4B56E /* FlicksFinalUITests */,
			);
		};
/* End PBXProject section */

/* Begin PBXResourcesBuildPhase section */
		46A4DBED1E495CA900A4B56E /* Resources */ = {
			isa = PBXResourcesBuildPhase;
			buildActionMask = 2147483647;
			files = (
				46A4DBFD1E495CA900A4B56E /* LaunchScreen.storyboard in Resources */,
				46A4DBFA1E495CA900A4B56E /* Assets.xcassets in Resources */,
				46A4DBF81E495CA900A4B56E /* Main.storyboard in Resources */,
			);
			runOnlyForDeploymentPostprocessing = 0;
		};
		46A4DC011E495CA900A4B56E /* Resources */ = {
			isa = PBXResourcesBuildPhase;
			buildActionMask = 2147483647;
			files = (
			);
			runOnlyForDeploymentPostprocessing = 0;
		};
		46A4DC0C1E495CA900A4B56E /* Resources */ = {
			isa = PBXResourcesBuildPhase;
			buildActionMask = 2147483647;
			files = (
			);
			runOnlyForDeploymentPostprocessing = 0;
		};
/* End PBXResourcesBuildPhase section */

/* Begin PBXShellScriptBuildPhase section */
		25822042E0CF124D0682A329 /* [CP] Copy Pods Resources */ = {
			isa = PBXShellScriptBuildPhase;
			buildActionMask = 2147483647;
			files = (
			);
			inputPaths = (
			);
			name = "[CP] Copy Pods Resources";
			outputPaths = (
			);
			runOnlyForDeploymentPostprocessing = 0;
			shellPath = /bin/sh;
			shellScript = "\"${SRCROOT}/Pods/Target Support Files/Pods-FlicksFinalTests/Pods-FlicksFinalTests-resources.sh\"\n";
			showEnvVarsInLog = 0;
		};
		260D96CA5A873DDC25AD4DB7 /* [CP] Embed Pods Frameworks */ = {
			isa = PBXShellScriptBuildPhase;
			buildActionMask = 2147483647;
			files = (
			);
			inputPaths = (
			);
			name = "[CP] Embed Pods Frameworks";
			outputPaths = (
			);
			runOnlyForDeploymentPostprocessing = 0;
			shellPath = /bin/sh;
			shellScript = "\"${SRCROOT}/Pods/Target Support Files/Pods-FlicksFinal/Pods-FlicksFinal-frameworks.sh\"\n";
			showEnvVarsInLog = 0;
		};
		59919E2F04F49E84A100E01C /* [CP] Embed Pods Frameworks */ = {
			isa = PBXShellScriptBuildPhase;
			buildActionMask = 2147483647;
			files = (
			);
			inputPaths = (
			);
			name = "[CP] Embed Pods Frameworks";
			outputPaths = (
			);
			runOnlyForDeploymentPostprocessing = 0;
			shellPath = /bin/sh;
			shellScript = "\"${SRCROOT}/Pods/Target Support Files/Pods-FlicksFinalUITests/Pods-FlicksFinalUITests-frameworks.sh\"\n";
			showEnvVarsInLog = 0;
		};
		5C574F71CB624457A2EEA1F5 /* [CP] Check Pods Manifest.lock */ = {
			isa = PBXShellScriptBuildPhase;
			buildActionMask = 2147483647;
			files = (
			);
			inputPaths = (
			);
			name = "[CP] Check Pods Manifest.lock";
			outputPaths = (
			);
			runOnlyForDeploymentPostprocessing = 0;
			shellPath = /bin/sh;
			shellScript = "diff \"${PODS_ROOT}/../Podfile.lock\" \"${PODS_ROOT}/Manifest.lock\" > /dev/null\nif [ $? != 0 ] ; then\n    # print error to STDERR\n    echo \"error: The sandbox is not in sync with the Podfile.lock. Run 'pod install' or update your CocoaPods installation.\" >&2\n    exit 1\nfi\n";
			showEnvVarsInLog = 0;
		};
		9284859FBCC07DAAC95962C0 /* [CP] Copy Pods Resources */ = {
			isa = PBXShellScriptBuildPhase;
			buildActionMask = 2147483647;
			files = (
			);
			inputPaths = (
			);
			name = "[CP] Copy Pods Resources";
			outputPaths = (
			);
			runOnlyForDeploymentPostprocessing = 0;
			shellPath = /bin/sh;
			shellScript = "\"${SRCROOT}/Pods/Target Support Files/Pods-FlicksFinalUITests/Pods-FlicksFinalUITests-resources.sh\"\n";
			showEnvVarsInLog = 0;
		};
		AF6D3C7DC4B090061A5068D7 /* [CP] Check Pods Manifest.lock */ = {
			isa = PBXShellScriptBuildPhase;
			buildActionMask = 2147483647;
			files = (
			);
			inputPaths = (
			);
			name = "[CP] Check Pods Manifest.lock";
			outputPaths = (
			);
			runOnlyForDeploymentPostprocessing = 0;
			shellPath = /bin/sh;
			shellScript = "diff \"${PODS_ROOT}/../Podfile.lock\" \"${PODS_ROOT}/Manifest.lock\" > /dev/null\nif [ $? != 0 ] ; then\n    # print error to STDERR\n    echo \"error: The sandbox is not in sync with the Podfile.lock. Run 'pod install' or update your CocoaPods installation.\" >&2\n    exit 1\nfi\n";
			showEnvVarsInLog = 0;
		};
		C27E943D3354931CC5E93558 /* [CP] Embed Pods Frameworks */ = {
			isa = PBXShellScriptBuildPhase;
			buildActionMask = 2147483647;
			files = (
			);
			inputPaths = (
			);
			name = "[CP] Embed Pods Frameworks";
			outputPaths = (
			);
			runOnlyForDeploymentPostprocessing = 0;
			shellPath = /bin/sh;
			shellScript = "\"${SRCROOT}/Pods/Target Support Files/Pods-FlicksFinalTests/Pods-FlicksFinalTests-frameworks.sh\"\n";
			showEnvVarsInLog = 0;
		};
		E80B79244DF94A558F750A90 /* [CP] Check Pods Manifest.lock */ = {
			isa = PBXShellScriptBuildPhase;
			buildActionMask = 2147483647;
			files = (
			);
			inputPaths = (
			);
			name = "[CP] Check Pods Manifest.lock";
			outputPaths = (
			);
			runOnlyForDeploymentPostprocessing = 0;
			shellPath = /bin/sh;
			shellScript = "diff \"${PODS_ROOT}/../Podfile.lock\" \"${PODS_ROOT}/Manifest.lock\" > /dev/null\nif [ $? != 0 ] ; then\n    # print error to STDERR\n    echo \"error: The sandbox is not in sync with the Podfile.lock. Run 'pod install' or update your CocoaPods installation.\" >&2\n    exit 1\nfi\n";
			showEnvVarsInLog = 0;
		};
		FB9EF761BD94001F3AB2DDE3 /* [CP] Copy Pods Resources */ = {
			isa = PBXShellScriptBuildPhase;
			buildActionMask = 2147483647;
			files = (
			);
			inputPaths = (
			);
			name = "[CP] Copy Pods Resources";
			outputPaths = (
			);
			runOnlyForDeploymentPostprocessing = 0;
			shellPath = /bin/sh;
			shellScript = "\"${SRCROOT}/Pods/Target Support Files/Pods-FlicksFinal/Pods-FlicksFinal-resources.sh\"\n";
			showEnvVarsInLog = 0;
		};
/* End PBXShellScriptBuildPhase section */

/* Begin PBXSourcesBuildPhase section */
		46A4DBEB1E495CA900A4B56E /* Sources */ = {
			isa = PBXSourcesBuildPhase;
			buildActionMask = 2147483647;
			files = (
				46A4DBF51E495CA900A4B56E /* ViewController.swift in Sources */,
				46A4DBF31E495CA900A4B56E /* AppDelegate.swift in Sources */,
				46A4DC211E496B3900A4B56E /* MovieCell.swift in Sources */,
				46A4DC231E4973EA00A4B56E /* MovieViewController.swift in Sources */,
				4653AA0C1E50F78D00790B60 /* Movie.swift in Sources */,
			);
			runOnlyForDeploymentPostprocessing = 0;
		};
		46A4DBFF1E495CA900A4B56E /* Sources */ = {
			isa = PBXSourcesBuildPhase;
			buildActionMask = 2147483647;
			files = (
				46A4DC081E495CA900A4B56E /* FlicksFinalTests.swift in Sources */,
			);
			runOnlyForDeploymentPostprocessing = 0;
		};
		46A4DC0A1E495CA900A4B56E /* Sources */ = {
			isa = PBXSourcesBuildPhase;
			buildActionMask = 2147483647;
			files = (
				46A4DC131E495CA900A4B56E /* FlicksFinalUITests.swift in Sources */,
			);
			runOnlyForDeploymentPostprocessing = 0;
		};
/* End PBXSourcesBuildPhase section */

/* Begin PBXTargetDependency section */
		46A4DC051E495CA900A4B56E /* PBXTargetDependency */ = {
			isa = PBXTargetDependency;
			target = 46A4DBEE1E495CA900A4B56E /* FlicksFinal */;
			targetProxy = 46A4DC041E495CA900A4B56E /* PBXContainerItemProxy */;
		};
		46A4DC101E495CA900A4B56E /* PBXTargetDependency */ = {
			isa = PBXTargetDependency;
			target = 46A4DBEE1E495CA900A4B56E /* FlicksFinal */;
			targetProxy = 46A4DC0F1E495CA900A4B56E /* PBXContainerItemProxy */;
		};
/* End PBXTargetDependency section */

/* Begin PBXVariantGroup section */
		46A4DBF61E495CA900A4B56E /* Main.storyboard */ = {
			isa = PBXVariantGroup;
			children = (
				46A4DBF71E495CA900A4B56E /* Base */,
			);
			name = Main.storyboard;
			sourceTree = "<group>";
		};
		46A4DBFB1E495CA900A4B56E /* LaunchScreen.storyboard */ = {
			isa = PBXVariantGroup;
			children = (
				46A4DBFC1E495CA900A4B56E /* Base */,
			);
			name = LaunchScreen.storyboard;
			sourceTree = "<group>";
		};
/* End PBXVariantGroup section */

/* Begin XCBuildConfiguration section */
		46A4DC151E495CA900A4B56E /* Debug */ = {
			isa = XCBuildConfiguration;
			buildSettings = {
				ALWAYS_SEARCH_USER_PATHS = NO;
				CLANG_ANALYZER_NONNULL = YES;
				CLANG_CXX_LANGUAGE_STANDARD = "gnu++0x";
				CLANG_CXX_LIBRARY = "libc++";
				CLANG_ENABLE_MODULES = YES;
				CLANG_ENABLE_OBJC_ARC = YES;
				CLANG_WARN_BOOL_CONVERSION = YES;
				CLANG_WARN_CONSTANT_CONVERSION = YES;
				CLANG_WARN_DIRECT_OBJC_ISA_USAGE = YES_ERROR;
				CLANG_WARN_DOCUMENTATION_COMMENTS = YES;
				CLANG_WARN_EMPTY_BODY = YES;
				CLANG_WARN_ENUM_CONVERSION = YES;
				CLANG_WARN_INFINITE_RECURSION = YES;
				CLANG_WARN_INT_CONVERSION = YES;
				CLANG_WARN_OBJC_ROOT_CLASS = YES_ERROR;
				CLANG_WARN_SUSPICIOUS_MOVE = YES;
				CLANG_WARN_UNREACHABLE_CODE = YES;
				CLANG_WARN__DUPLICATE_METHOD_MATCH = YES;
				"CODE_SIGN_IDENTITY[sdk=iphoneos*]" = "iPhone Developer";
				COPY_PHASE_STRIP = NO;
				DEBUG_INFORMATION_FORMAT = dwarf;
				ENABLE_STRICT_OBJC_MSGSEND = YES;
				ENABLE_TESTABILITY = YES;
				GCC_C_LANGUAGE_STANDARD = gnu99;
				GCC_DYNAMIC_NO_PIC = NO;
				GCC_NO_COMMON_BLOCKS = YES;
				GCC_OPTIMIZATION_LEVEL = 0;
				GCC_PREPROCESSOR_DEFINITIONS = (
					"DEBUG=1",
					"$(inherited)",
				);
				GCC_WARN_64_TO_32_BIT_CONVERSION = YES;
				GCC_WARN_ABOUT_RETURN_TYPE = YES_ERROR;
				GCC_WARN_UNDECLARED_SELECTOR = YES;
				GCC_WARN_UNINITIALIZED_AUTOS = YES_AGGRESSIVE;
				GCC_WARN_UNUSED_FUNCTION = YES;
				GCC_WARN_UNUSED_VARIABLE = YES;
				IPHONEOS_DEPLOYMENT_TARGET = 10.2;
				MTL_ENABLE_DEBUG_INFO = YES;
				ONLY_ACTIVE_ARCH = YES;
				SDKROOT = iphoneos;
				SWIFT_ACTIVE_COMPILATION_CONDITIONS = DEBUG;
				SWIFT_OPTIMIZATION_LEVEL = "-Onone";
			};
			name = Debug;
		};
		46A4DC161E495CA900A4B56E /* Release */ = {
			isa = XCBuildConfiguration;
			buildSettings = {
				ALWAYS_SEARCH_USER_PATHS = NO;
				CLANG_ANALYZER_NONNULL = YES;
				CLANG_CXX_LANGUAGE_STANDARD = "gnu++0x";
				CLANG_CXX_LIBRARY = "libc++";
				CLANG_ENABLE_MODULES = YES;
				CLANG_ENABLE_OBJC_ARC = YES;
				CLANG_WARN_BOOL_CONVERSION = YES;
				CLANG_WARN_CONSTANT_CONVERSION = YES;
				CLANG_WARN_DIRECT_OBJC_ISA_USAGE = YES_ERROR;
				CLANG_WARN_DOCUMENTATION_COMMENTS = YES;
				CLANG_WARN_EMPTY_BODY = YES;
				CLANG_WARN_ENUM_CONVERSION = YES;
				CLANG_WARN_INFINITE_RECURSION = YES;
				CLANG_WARN_INT_CONVERSION = YES;
				CLANG_WARN_OBJC_ROOT_CLASS = YES_ERROR;
				CLANG_WARN_SUSPICIOUS_MOVE = YES;
				CLANG_WARN_UNREACHABLE_CODE = YES;
				CLANG_WARN__DUPLICATE_METHOD_MATCH = YES;
				"CODE_SIGN_IDENTITY[sdk=iphoneos*]" = "iPhone Developer";
				COPY_PHASE_STRIP = NO;
				DEBUG_INFORMATION_FORMAT = "dwarf-with-dsym";
				ENABLE_NS_ASSERTIONS = NO;
				ENABLE_STRICT_OBJC_MSGSEND = YES;
				GCC_C_LANGUAGE_STANDARD = gnu99;
				GCC_NO_COMMON_BLOCKS = YES;
				GCC_WARN_64_TO_32_BIT_CONVERSION = YES;
				GCC_WARN_ABOUT_RETURN_TYPE = YES_ERROR;
				GCC_WARN_UNDECLARED_SELECTOR = YES;
				GCC_WARN_UNINITIALIZED_AUTOS = YES_AGGRESSIVE;
				GCC_WARN_UNUSED_FUNCTION = YES;
				GCC_WARN_UNUSED_VARIABLE = YES;
				IPHONEOS_DEPLOYMENT_TARGET = 10.2;
				MTL_ENABLE_DEBUG_INFO = NO;
				SDKROOT = iphoneos;
				SWIFT_OPTIMIZATION_LEVEL = "-Owholemodule";
				VALIDATE_PRODUCT = YES;
			};
			name = Release;
		};
		46A4DC181E495CA900A4B56E /* Debug */ = {
			isa = XCBuildConfiguration;
			baseConfigurationReference = ECAB5356E9D75D1E202FEF39 /* Pods-FlicksFinal.debug.xcconfig */;
			buildSettings = {
				ASSETCATALOG_COMPILER_APPICON_NAME = AppIcon;
				INFOPLIST_FILE = FlicksFinal/Info.plist;
				LD_RUNPATH_SEARCH_PATHS = "$(inherited) @executable_path/Frameworks";
				PRODUCT_BUNDLE_IDENTIFIER = youssefelabd.com.FlicksFinal;
				PRODUCT_NAME = "$(TARGET_NAME)";
				SWIFT_VERSION = 3.0;
			};
			name = Debug;
		};
		46A4DC191E495CA900A4B56E /* Release */ = {
			isa = XCBuildConfiguration;
			baseConfigurationReference = 5C764EB2188F14CA2E4D3BF4 /* Pods-FlicksFinal.release.xcconfig */;
			buildSettings = {
				ASSETCATALOG_COMPILER_APPICON_NAME = AppIcon;
				INFOPLIST_FILE = FlicksFinal/Info.plist;
				LD_RUNPATH_SEARCH_PATHS = "$(inherited) @executable_path/Frameworks";
				PRODUCT_BUNDLE_IDENTIFIER = youssefelabd.com.FlicksFinal;
				PRODUCT_NAME = "$(TARGET_NAME)";
				SWIFT_VERSION = 3.0;
			};
			name = Release;
		};
		46A4DC1B1E495CA900A4B56E /* Debug */ = {
			isa = XCBuildConfiguration;
			baseConfigurationReference = D574ACBBBE73CA02F11B3FD2 /* Pods-FlicksFinalTests.debug.xcconfig */;
			buildSettings = {
				ALWAYS_EMBED_SWIFT_STANDARD_LIBRARIES = YES;
				BUNDLE_LOADER = "$(TEST_HOST)";
				INFOPLIST_FILE = FlicksFinalTests/Info.plist;
				LD_RUNPATH_SEARCH_PATHS = "$(inherited) @executable_path/Frameworks @loader_path/Frameworks";
				PRODUCT_BUNDLE_IDENTIFIER = youssefelabd.com.FlicksFinalTests;
				PRODUCT_NAME = "$(TARGET_NAME)";
				SWIFT_VERSION = 3.0;
				TEST_HOST = "$(BUILT_PRODUCTS_DIR)/FlicksFinal.app/FlicksFinal";
			};
			name = Debug;
		};
		46A4DC1C1E495CA900A4B56E /* Release */ = {
			isa = XCBuildConfiguration;
			baseConfigurationReference = C97239089B22EC74FCDC8281 /* Pods-FlicksFinalTests.release.xcconfig */;
			buildSettings = {
				ALWAYS_EMBED_SWIFT_STANDARD_LIBRARIES = YES;
				BUNDLE_LOADER = "$(TEST_HOST)";
				INFOPLIST_FILE = FlicksFinalTests/Info.plist;
				LD_RUNPATH_SEARCH_PATHS = "$(inherited) @executable_path/Frameworks @loader_path/Frameworks";
				PRODUCT_BUNDLE_IDENTIFIER = youssefelabd.com.FlicksFinalTests;
				PRODUCT_NAME = "$(TARGET_NAME)";
				SWIFT_VERSION = 3.0;
				TEST_HOST = "$(BUILT_PRODUCTS_DIR)/FlicksFinal.app/FlicksFinal";
			};
			name = Release;
		};
		46A4DC1E1E495CA900A4B56E /* Debug */ = {
			isa = XCBuildConfiguration;
			baseConfigurationReference = E172E9DCAE7529142513A961 /* Pods-FlicksFinalUITests.debug.xcconfig */;
			buildSettings = {
				ALWAYS_EMBED_SWIFT_STANDARD_LIBRARIES = YES;
				INFOPLIST_FILE = FlicksFinalUITests/Info.plist;
				LD_RUNPATH_SEARCH_PATHS = "$(inherited) @executable_path/Frameworks @loader_path/Frameworks";
				PRODUCT_BUNDLE_IDENTIFIER = youssefelabd.com.FlicksFinalUITests;
				PRODUCT_NAME = "$(TARGET_NAME)";
				SWIFT_VERSION = 3.0;
				TEST_TARGET_NAME = FlicksFinal;
			};
			name = Debug;
		};
		46A4DC1F1E495CA900A4B56E /* Release */ = {
			isa = XCBuildConfiguration;
			baseConfigurationReference = 71C9BE595D938B22CB77B241 /* Pods-FlicksFinalUITests.release.xcconfig */;
			buildSettings = {
				ALWAYS_EMBED_SWIFT_STANDARD_LIBRARIES = YES;
				INFOPLIST_FILE = FlicksFinalUITests/Info.plist;
				LD_RUNPATH_SEARCH_PATHS = "$(inherited) @executable_path/Frameworks @loader_path/Frameworks";
				PRODUCT_BUNDLE_IDENTIFIER = youssefelabd.com.FlicksFinalUITests;
				PRODUCT_NAME = "$(TARGET_NAME)";
				SWIFT_VERSION = 3.0;
				TEST_TARGET_NAME = FlicksFinal;
			};
			name = Release;
		};
/* End XCBuildConfiguration section */

/* Begin XCConfigurationList section */
		46A4DBEA1E495CA900A4B56E /* Build configuration list for PBXProject "FlicksFinal" */ = {
			isa = XCConfigurationList;
			buildConfigurations = (
				46A4DC151E495CA900A4B56E /* Debug */,
				46A4DC161E495CA900A4B56E /* Release */,
			);
			defaultConfigurationIsVisible = 0;
			defaultConfigurationName = Release;
		};
		46A4DC171E495CA900A4B56E /* Build configuration list for PBXNativeTarget "FlicksFinal" */ = {
			isa = XCConfigurationList;
			buildConfigurations = (
				46A4DC181E495CA900A4B56E /* Debug */,
				46A4DC191E495CA900A4B56E /* Release */,
			);
			defaultConfigurationIsVisible = 0;
			defaultConfigurationName = Release;
		};
		46A4DC1A1E495CA900A4B56E /* Build configuration list for PBXNativeTarget "FlicksFinalTests" */ = {
			isa = XCConfigurationList;
			buildConfigurations = (
				46A4DC1B1E495CA900A4B56E /* Debug */,
				46A4DC1C1E495CA900A4B56E /* Release */,
			);
			defaultConfigurationIsVisible = 0;
			defaultConfigurationName = Release;
		};
		46A4DC1D1E495CA900A4B56E /* Build configuration list for PBXNativeTarget "FlicksFinalUITests" */ = {
			isa = XCConfigurationList;
			buildConfigurations = (
				46A4DC1E1E495CA900A4B56E /* Debug */,
				46A4DC1F1E495CA900A4B56E /* Release */,
			);
			defaultConfigurationIsVisible = 0;
			defaultConfigurationName = Release;
		};
/* End XCConfigurationList section */
	};
	rootObject = 46A4DBE71E495CA900A4B56E /* Project object */;
}
